
Microsoft Visual Studio Solution File, Format Version 12.00
# Visual Studio 15
VisualStudioVersion = 15.0.28307.852
MinimumVisualStudioVersion = 10.0.40219.1
Project("{FAE04EC0-301F-11D3-BF4B-00C04F79EFBC}") = "BetterMatchMaking", "BetterMatchMaking.csproj", "{98ACE296-9EFF-4B04-BFC2-70ED31CA3F75}"
EndProject
Global
	GlobalSection(SolutionConfigurationPlatforms) = preSolution
		Debug|Any CPU = Debug|Any CPU
		Release|Any CPU = Release|Any CPU
	EndGlobalSection
	GlobalSection(ProjectConfigurationPlatforms) = postSolution
		{98ACE296-9EFF-4B04-BFC2-70ED31CA3F75}.Debug|Any CPU.ActiveCfg = Debug|Any CPU
		{98ACE296-9EFF-4B04-BFC2-70ED31CA3F75}.Debug|Any CPU.Build.0 = Debug|Any CPU
		{98ACE296-9EFF-4B04-BFC2-70ED31CA3F75}.Release|Any CPU.ActiveCfg = Release|Any CPU
		{98ACE296-9EFF-4B04-BFC2-70ED31CA3F75}.Release|Any CPU.Build.0 = Release|Any CPU
	EndGlobalSection
	GlobalSection(SolutionProperties) = preSolution
		HideSolutionNode = FALSE
	EndGlobalSection
	GlobalSection(ExtensibilityGlobals) = postSolution
		SolutionGuid = {113BCC78-5CBB-4BBB-8D2F-38C065DADBE9}
	EndGlobalSection
EndGlobal
